<?xml version="1.0" encoding="utf-8"?>
<Project ToolsVersion="4.0" xmlns="http://schemas.microsoft.com/developer/msbuild/2003">
  <ItemGroup>
    <Filter Include="리소스 파일">
      <UniqueIdentifier>{67DA6AB6-F800-4c08-8B7A-83BB121AAD01}</UniqueIdentifier>
      <Extensions>rc;ico;cur;bmp;dlg;rc2;rct;bin;rgs;gif;jpg;jpeg;jpe;resx;tiff;tif;png;wav;mfcribbon-ms</Extensions>
    </Filter>
    <Filter Include="Chapter01">
      <UniqueIdentifier>{0fa98b5b-8ae6-4d07-aded-c6c5f86a986b}</UniqueIdentifier>
    </Filter>
    <Filter Include="Main">
      <UniqueIdentifier>{4FC737F1-C7A5-4376-A066-2A32D752A2FF}</UniqueIdentifier>
      <Extensions>cpp;c;cc;cxx;def;odl;idl;hpj;bat;asm;asmx</Extensions>
    </Filter>
  </ItemGroup>
  <ItemGroup>
    <ClInclude Include="auto.h">
      <Filter>Chapter01</Filter>
    </ClInclude>
    <ClInclude Include="decltype.h">
      <Filter>Chapter01</Filter>
    </ClInclude>
    <ClInclude Include="chapter01.h">
      <Filter>Chapter01</Filter>
    </ClInclude>
    <ClInclude Include="begin_end.h">
      <Filter>Chapter01</Filter>
    </ClInclude>
    <ClInclude Include="sort.h">
      <Filter>Chapter01</Filter>
    </ClInclude>
    <ClInclude Include="vector.h">
      <Filter>Chapter01</Filter>
    </ClInclude>
    <ClInclude Include="util.h">
      <Filter>Main</Filter>
    </ClInclude>
    <ClInclude Include="lambda.h">
      <Filter>Chapter01</Filter>
    </ClInclude>
    <ClInclude Include="pch.h">
      <Filter>Main</Filter>
    </ClInclude>
    <ClInclude Include="find.h">
      <Filter>Chapter01</Filter>
    </ClInclude>
    <ClInclude Include="smart_pointer.h">
      <Filter>Chapter01</Filter>
    </ClInclude>
    <ClInclude Include="tuple.h">
      <Filter>Chapter01</Filter>
    </ClInclude>
  </ItemGroup>
  <ItemGroup>
    <ClCompile Include="pch.cpp">
      <Filter>Main</Filter>
    </ClCompile>
    <ClCompile Include="ModernCppFunctional.cpp">
      <Filter>Main</Filter>
    </ClCompile>
    <ClCompile Include="chapter01.cpp">
      <Filter>Chapter01</Filter>
    </ClCompile>
    <ClCompile Include="decltype.cpp">
      <Filter>Chapter01</Filter>
    </ClCompile>
    <ClCompile Include="begin_end.cpp">
      <Filter>Chapter01</Filter>
    </ClCompile>
    <ClCompile Include="sort.cpp">
      <Filter>Chapter01</Filter>
    </ClCompile>
    <ClCompile Include="vector.cpp">
      <Filter>Chapter01</Filter>
    </ClCompile>
    <ClCompile Include="util.cpp">
      <Filter>Main</Filter>
    </ClCompile>
    <ClCompile Include="lambda.cpp">
      <Filter>Chapter01</Filter>
    </ClCompile>
    <ClCompile Include="find.cpp">
      <Filter>Chapter01</Filter>
    </ClCompile>
    <ClCompile Include="smart_pointer.cpp">
      <Filter>Chapter01</Filter>
    </ClCompile>
    <ClCompile Include="tuple.cpp">
      <Filter>Chapter01</Filter>
    </ClCompile>
  </ItemGroup>
  <ItemGroup>
    <None Include="packages.config" />
  </ItemGroup>
</Project>