// !$*UTF8*$!
{
	archiveVersion = 1;
	classes = {
	};
	objectVersion = 48;
	objects = {

/* Begin PBXBuildFile section */
		0B0B8A651CA4D52900E1588C /* AppDelegate.swift in Sources */ = {isa = PBXBuildFile; fileRef = 0B0B8A641CA4D52900E1588C /* AppDelegate.swift */; };
		0B0B8A691CA4D52900E1588C /* GameScene.swift in Sources */ = {isa = PBXBuildFile; fileRef = 0B0B8A681CA4D52900E1588C /* GameScene.swift */; };
		0B0B8A6B1CA4D52900E1588C /* GameViewController.swift in Sources */ = {isa = PBXBuildFile; fileRef = 0B0B8A6A1CA4D52900E1588C /* GameViewController.swift */; };
		0B0B8A6E1CA4D52900E1588C /* Main.storyboard in Resources */ = {isa = PBXBuildFile; fileRef = 0B0B8A6C1CA4D52900E1588C /* Main.storyboard */; };
		0B0B8A701CA4D52900E1588C /* Assets.xcassets in Resources */ = {isa = PBXBuildFile; fileRef = 0B0B8A6F1CA4D52900E1588C /* Assets.xcassets */; };
		0B0B8A731CA4D52900E1588C /* LaunchScreen.storyboard in Resources */ = {isa = PBXBuildFile; fileRef = 0B0B8A711CA4D52900E1588C /* LaunchScreen.storyboard */; };
		0BA8B5E41CA529D700BF2CA2 /* GameScene.sks in Resources */ = {isa = PBXBuildFile; fileRef = 0BA8B5E31CA529D700BF2CA2 /* GameScene.sks */; };
		0BA8B5E71CA533B700BF2CA2 /* StarParticle.sks in Resources */ = {isa = PBXBuildFile; fileRef = 0BA8B5E51CA533B700BF2CA2 /* StarParticle.sks */; };
		0BA8B5E81CA533B700BF2CA2 /* spark.png in Resources */ = {isa = PBXBuildFile; fileRef = 0BA8B5E61CA533B700BF2CA2 /* spark.png */; };
/* End PBXBuildFile section */

/* Begin PBXFileReference section */
		0B0B8A611CA4D52900E1588C /* SwiftPinball.app */ = {isa = PBXFileReference; explicitFileType = wrapper.application; includeInIndex = 0; path = SwiftPinball.app; sourceTree = BUILT_PRODUCTS_DIR; };
		0B0B8A641CA4D52900E1588C /* AppDelegate.swift */ = {isa = PBXFileReference; lastKnownFileType = sourcecode.swift; path = AppDelegate.swift; sourceTree = "<group>"; };
		0B0B8A681CA4D52900E1588C /* GameScene.swift */ = {isa = PBXFileReference; lastKnownFileType = sourcecode.swift; path = GameScene.swift; sourceTree = "<group>"; };
		0B0B8A6A1CA4D52900E1588C /* GameViewController.swift */ = {isa = PBXFileReference; lastKnownFileType = sourcecode.swift; path = GameViewController.swift; sourceTree = "<group>"; };
		0B0B8A6D1CA4D52900E1588C /* Base */ = {isa = PBXFileReference; lastKnownFileType = file.storyboard; name = Base; path = Base.lproj/Main.storyboard; sourceTree = "<group>"; };
		0B0B8A6F1CA4D52900E1588C /* Assets.xcassets */ = {isa = PBXFileReference; lastKnownFileType = folder.assetcatalog; path = Assets.xcassets; sourceTree = "<group>"; };
		0B0B8A721CA4D52900E1588C /* Base */ = {isa = PBXFileReference; lastKnownFileType = file.storyboard; name = Base; path = Base.lproj/LaunchScreen.storyboard; sourceTree = "<group>"; };
		0B0B8A741CA4D52900E1588C /* Info.plist */ = {isa = PBXFileReference; lastKnownFileType = text.plist.xml; path = Info.plist; sourceTree = "<group>"; };
		0BA8B5E31CA529D700BF2CA2 /* GameScene.sks */ = {isa = PBXFileReference; lastKnownFileType = file.sks; path = GameScene.sks; sourceTree = "<group>"; };
		0BA8B5E51CA533B700BF2CA2 /* StarParticle.sks */ = {isa = PBXFileReference; lastKnownFileType = file.sks; path = StarParticle.sks; sourceTree = "<group>"; };
		0BA8B5E61CA533B700BF2CA2 /* spark.png */ = {isa = PBXFileReference; lastKnownFileType = image.png; path = spark.png; sourceTree = "<group>"; };
/* End PBXFileReference section */

/* Begin PBXFrameworksBuildPhase section */
		0B0B8A5E1CA4D52900E1588C /* Frameworks */ = {
			isa = PBXFrameworksBuildPhase;
			buildActionMask = 2147483647;
			files = (
			);
			runOnlyForDeploymentPostprocessing = 0;
		};
/* End PBXFrameworksBuildPhase section */

/* Begin PBXGroup section */
		0B0B8A581CA4D52900E1588C = {
			isa = PBXGroup;
			children = (
				0B0B8A631CA4D52900E1588C /* SwiftPinball */,
				0B0B8A621CA4D52900E1588C /* Products */,
			);
			sourceTree = "<group>";
		};
		0B0B8A621CA4D52900E1588C /* Products */ = {
			isa = PBXGroup;
			children = (
				0B0B8A611CA4D52900E1588C /* SwiftPinball.app */,
			);
			name = Products;
			sourceTree = "<group>";
		};
		0B0B8A631CA4D52900E1588C /* SwiftPinball */ = {
			isa = PBXGroup;
			children = (
				0B0B8A641CA4D52900E1588C /* AppDelegate.swift */,
				0B0B8A681CA4D52900E1588C /* GameScene.swift */,
				0BA8B5E51CA533B700BF2CA2 /* StarParticle.sks */,
				0BA8B5E61CA533B700BF2CA2 /* spark.png */,
				0BA8B5E31CA529D700BF2CA2 /* GameScene.sks */,
				0B0B8A6A1CA4D52900E1588C /* GameViewController.swift */,
				0B0B8A6C1CA4D52900E1588C /* Main.storyboard */,
				0B0B8A6F1CA4D52900E1588C /* Assets.xcassets */,
				0B0B8A711CA4D52900E1588C /* LaunchScreen.storyboard */,
				0B0B8A741CA4D52900E1588C /* Info.plist */,
			);
			path = SwiftPinball;
			sourceTree = "<group>";
		};
/* End PBXGroup section */

/* Begin PBXNativeTarget section */
		0B0B8A601CA4D52900E1588C /* SwiftPinball */ = {
			isa = PBXNativeTarget;
			buildConfigurationList = 0B0B8A771CA4D52900E1588C /* Build configuration list for PBXNativeTarget "SwiftPinball" */;
			buildPhases = (
				0B0B8A5D1CA4D52900E1588C /* Sources */,
				0B0B8A5E1CA4D52900E1588C /* Frameworks */,
				0B0B8A5F1CA4D52900E1588C /* Resources */,
			);
			buildRules = (
			);
			dependencies = (
			);
			name = SwiftPinball;
			productName = SwiftPinball;
			productReference = 0B0B8A611CA4D52900E1588C /* SwiftPinball.app */;
			productType = "com.apple.product-type.application";
		};
/* End PBXNativeTarget section */

/* Begin PBXProject section */
		0B0B8A591CA4D52900E1588C /* Project object */ = {
			isa = PBXProject;
			attributes = {
				LastSwiftUpdateCheck = 0730;
				LastUpgradeCheck = 0800;
				ORGANIZATIONNAME = zrma;
				TargetAttributes = {
					0B0B8A601CA4D52900E1588C = {
						CreatedOnToolsVersion = 7.3;
						DevelopmentTeam = HSTF42W5ES;
						LastSwiftMigration = 0800;
					};
				};
			};
			buildConfigurationList = 0B0B8A5C1CA4D52900E1588C /* Build configuration list for PBXProject "SwiftPinball" */;
			compatibilityVersion = "Xcode 8.0";
			developmentRegion = English;
			hasScannedForEncodings = 0;
			knownRegions = (
				en,
				Base,
			);
			mainGroup = 0B0B8A581CA4D52900E1588C;
			productRefGroup = 0B0B8A621CA4D52900E1588C /* Products */;
			projectDirPath = "";
			projectRoot = "";
			targets = (
				0B0B8A601CA4D52900E1588C /* SwiftPinball */,
			);
		};
/* End PBXProject section */

/* Begin PBXResourcesBuildPhase section */
		0B0B8A5F1CA4D52900E1588C /* Resources */ = {
			isa = PBXResourcesBuildPhase;
			buildActionMask = 2147483647;
			files = (
				0BA8B5E41CA529D700BF2CA2 /* GameScene.sks in Resources */,
				0BA8B5E81CA533B700BF2CA2 /* spark.png in Resources */,
				0BA8B5E71CA533B700BF2CA2 /* StarParticle.sks in Resources */,
				0B0B8A731CA4D52900E1588C /* LaunchScreen.storyboard in Resources */,
				0B0B8A701CA4D52900E1588C /* Assets.xcassets in Resources */,
				0B0B8A6E1CA4D52900E1588C /* Main.storyboard in Resources */,
			);
			runOnlyForDeploymentPostprocessing = 0;
		};
/* End PBXResourcesBuildPhase section */

/* Begin PBXSourcesBuildPhase section */
		0B0B8A5D1CA4D52900E1588C /* Sources */ = {
			isa = PBXSourcesBuildPhase;
			buildActionMask = 2147483647;
			files = (
				0B0B8A691CA4D52900E1588C /* GameScene.swift in Sources */,
				0B0B8A6B1CA4D52900E1588C /* GameViewController.swift in Sources */,
				0B0B8A651CA4D52900E1588C /* AppDelegate.swift in Sources */,
			);
			runOnlyForDeploymentPostprocessing = 0;
		};
/* End PBXSourcesBuildPhase section */

/* Begin PBXVariantGroup section */
		0B0B8A6C1CA4D52900E1588C /* Main.storyboard */ = {
			isa = PBXVariantGroup;
			children = (
				0B0B8A6D1CA4D52900E1588C /* Base */,
			);
			name = Main.storyboard;
			sourceTree = "<group>";
		};
		0B0B8A711CA4D52900E1588C /* LaunchScreen.storyboard */ = {
			isa = PBXVariantGroup;
			children = (
				0B0B8A721CA4D52900E1588C /* Base */,
			);
			name = LaunchScreen.storyboard;
			sourceTree = "<group>";
		};
/* End PBXVariantGroup section */

/* Begin XCBuildConfiguration section */
		0B0B8A751CA4D52900E1588C /* Debug */ = {
			isa = XCBuildConfiguration;
			buildSettings = {
				ALWAYS_SEARCH_USER_PATHS = NO;
				CLANG_ANALYZER_NONNULL = YES;
				CLANG_CXX_LANGUAGE_STANDARD = "gnu++14";
				CLANG_CXX_LIBRARY = "libc++";
				CLANG_ENABLE_MODULES = YES;
				CLANG_ENABLE_OBJC_ARC = YES;
				CLANG_WARN_BOOL_CONVERSION = YES;
				CLANG_WARN_CONSTANT_CONVERSION = YES;
				CLANG_WARN_DIRECT_OBJC_ISA_USAGE = YES_ERROR;
				CLANG_WARN_EMPTY_BODY = YES;
				CLANG_WARN_ENUM_CONVERSION = YES;
				CLANG_WARN_INFINITE_RECURSION = YES;
				CLANG_WARN_INT_CONVERSION = YES;
				CLANG_WARN_OBJC_ROOT_CLASS = YES_ERROR;
				CLANG_WARN_SUSPICIOUS_MOVE = YES;
				CLANG_WARN_UNREACHABLE_CODE = YES;
				CLANG_WARN__DUPLICATE_METHOD_MATCH = YES;
				"CODE_SIGN_IDENTITY[sdk=iphoneos*]" = "iPhone Developer";
				COPY_PHASE_STRIP = NO;
				DEBUG_INFORMATION_FORMAT = "dwarf-with-dsym";
				ENABLE_STRICT_OBJC_MSGSEND = YES;
				ENABLE_TESTABILITY = YES;
				GCC_C_LANGUAGE_STANDARD = c11;
				GCC_DYNAMIC_NO_PIC = NO;
				GCC_NO_COMMON_BLOCKS = YES;
				GCC_OPTIMIZATION_LEVEL = 0;
				GCC_PREPROCESSOR_DEFINITIONS = (
					"DEBUG=1",
					"$(inherited)",
				);
				GCC_WARN_64_TO_32_BIT_CONVERSION = YES;
				GCC_WARN_ABOUT_RETURN_TYPE = YES_ERROR;
				GCC_WARN_UNDECLARED_SELECTOR = YES;
				GCC_WARN_UNINITIALIZED_AUTOS = YES_AGGRESSIVE;
				GCC_WARN_UNUSED_FUNCTION = YES;
				GCC_WARN_UNUSED_VARIABLE = YES;
				IPHONEOS_DEPLOYMENT_TARGET = 10.1;
				MTL_ENABLE_DEBUG_INFO = YES;
				ONLY_ACTIVE_ARCH = YES;
				SDKROOT = iphoneos;
				SWIFT_OPTIMIZATION_LEVEL = "-Onone";
			};
			name = Debug;
		};
		0B0B8A761CA4D52900E1588C /* Release */ = {
			isa = XCBuildConfiguration;
			buildSettings = {
				ALWAYS_SEARCH_USER_PATHS = NO;
				CLANG_ANALYZER_NONNULL = YES;
				CLANG_CXX_LANGUAGE_STANDARD = "gnu++14";
				CLANG_CXX_LIBRARY = "libc++";
				CLANG_ENABLE_MODULES = YES;
				CLANG_ENABLE_OBJC_ARC = YES;
				CLANG_WARN_BOOL_CONVERSION = YES;
				CLANG_WARN_CONSTANT_CONVERSION = YES;
				CLANG_WARN_DIRECT_OBJC_ISA_USAGE = YES_ERROR;
				CLANG_WARN_EMPTY_BODY = YES;
				CLANG_WARN_ENUM_CONVERSION = YES;
				CLANG_WARN_INFINITE_RECURSION = YES;
				CLANG_WARN_INT_CONVERSION = YES;
				CLANG_WARN_OBJC_ROOT_CLASS = YES_ERROR;
				CLANG_WARN_SUSPICIOUS_MOVE = YES;
				CLANG_WARN_UNREACHABLE_CODE = YES;
				CLANG_WARN__DUPLICATE_METHOD_MATCH = YES;
				"CODE_SIGN_IDENTITY[sdk=iphoneos*]" = "iPhone Developer";
				COPY_PHASE_STRIP = NO;
				DEBUG_INFORMATION_FORMAT = "dwarf-with-dsym";
				ENABLE_NS_ASSERTIONS = NO;
				ENABLE_STRICT_OBJC_MSGSEND = YES;
				GCC_C_LANGUAGE_STANDARD = c11;
				GCC_NO_COMMON_BLOCKS = YES;
				GCC_WARN_64_TO_32_BIT_CONVERSION = YES;
				GCC_WARN_ABOUT_RETURN_TYPE = YES_ERROR;
				GCC_WARN_UNDECLARED_SELECTOR = YES;
				GCC_WARN_UNINITIALIZED_AUTOS = YES_AGGRESSIVE;
				GCC_WARN_UNUSED_FUNCTION = YES;
				GCC_WARN_UNUSED_VARIABLE = YES;
				IPHONEOS_DEPLOYMENT_TARGET = 10.1;
				MTL_ENABLE_DEBUG_INFO = NO;
				SDKROOT = iphoneos;
				VALIDATE_PRODUCT = YES;
			};
			name = Release;
		};
		0B0B8A781CA4D52900E1588C /* Debug */ = {
			isa = XCBuildConfiguration;
			buildSettings = {
				ASSETCATALOG_COMPILER_APPICON_NAME = AppIcon;
				INFOPLIST_FILE = SwiftPinball/Info.plist;
				LD_RUNPATH_SEARCH_PATHS = "$(inherited) @executable_path/Frameworks";
				PRODUCT_BUNDLE_IDENTIFIER = com.nico.SwiftPinball;
				PRODUCT_NAME = "$(TARGET_NAME)";
				SWIFT_VERSION = 3.0;
			};
			name = Debug;
		};
		0B0B8A791CA4D52900E1588C /* Release */ = {
			isa = XCBuildConfiguration;
			buildSettings = {
				ASSETCATALOG_COMPILER_APPICON_NAME = AppIcon;
				INFOPLIST_FILE = SwiftPinball/Info.plist;
				LD_RUNPATH_SEARCH_PATHS = "$(inherited) @executable_path/Frameworks";
				PRODUCT_BUNDLE_IDENTIFIER = com.nico.SwiftPinball;
				PRODUCT_NAME = "$(TARGET_NAME)";
				SWIFT_OPTIMIZATION_LEVEL = "-Owholemodule";
				SWIFT_VERSION = 3.0;
			};
			name = Release;
		};
/* End XCBuildConfiguration section */

/* Begin XCConfigurationList section */
		0B0B8A5C1CA4D52900E1588C /* Build configuration list for PBXProject "SwiftPinball" */ = {
			isa = XCConfigurationList;
			buildConfigurations = (
				0B0B8A751CA4D52900E1588C /* Debug */,
				0B0B8A761CA4D52900E1588C /* Release */,
			);
			defaultConfigurationIsVisible = 0;
			defaultConfigurationName = Release;
		};
		0B0B8A771CA4D52900E1588C /* Build configuration list for PBXNativeTarget "SwiftPinball" */ = {
			isa = XCConfigurationList;
			buildConfigurations = (
				0B0B8A781CA4D52900E1588C /* Debug */,
				0B0B8A791CA4D52900E1588C /* Release */,
			);
			defaultConfigurationIsVisible = 0;
			defaultConfigurationName = Release;
		};
/* End XCConfigurationList section */
	};
	rootObject = 0B0B8A591CA4D52900E1588C /* Project object */;
}
