%{
  "erlport": {:hex, :erlport, "0.11.0", "8bb46a520e6eb9146e655fbf9b824433d9d532194667069d9aa45696aae9684b", [:rebar3], [], "hexpm", "8eb136ccaf3948d329b8d1c3278ad2e17e2a7319801bc4cc2da6db278204eee4"},
  "export": {:hex, :export, "0.1.1", "6dfd268b0692428f89b9285859a2dc02b6dcd2e8fdfbca34ac6e6a331351df91", [:mix], [{:erlport, "~> 0.9", [hex: :erlport, optional: false]}]},
  "flow": {:hex, :flow, "1.2.4", "1dd58918287eb286656008777cb32714b5123d3855956f29aa141ebae456922d", [:mix], [{:gen_stage, "~> 1.0", [hex: :gen_stage, repo: "hexpm", optional: false]}], "hexpm", "874adde96368e71870f3510b91e35bc31652291858c86c0e75359cbdd35eb211"},
  "gen_stage": {:hex, :gen_stage, "1.3.2", "7c77e5d1e97de2c6c2f78f306f463bca64bf2f4c3cdd606affc0100b89743b7b", [:mix], [], "hexpm", "0ffae547fa777b3ed889a6b9e1e64566217413d018cabd825f786e843ffe63e7"},
  "piton": {:hex, :piton, "0.3.0", "9d45f9863f402292c8f3904ab6060bbf9e59862d64bfef27daada8aeac95741a", [:mix], [{:erlport, "~> 0.9.8", [hex: :erlport, repo: "hexpm", optional: false]}], "hexpm"},
}
