github.com/divan/num2words v0.0.0-20170904212200-57dba452f942 h1:fJ8/Lid8fF4i7Bwl7vWKvG2KeZzr3yU4qG6h/DPdXLU=
github.com/divan/num2words v0.0.0-20170904212200-57dba452f942/go.mod h1:K88GQWK1aAiPMo9q2LZwyKBfEGnge7kmVVTUcZ61HSc=
github.com/streadway/amqp v1.0.0 h1:kuuDrUJFZL1QYL9hUNuCxNObNzB0bV/ZG5jV3RWAQgo=
github.com/streadway/amqp v1.0.0/go.mod h1:AZpEONHx3DKn8O/DFsRAY58/XVQiIPMTMB1SddzLXVw=
